
Microsoft Visual Studio Solution File, Format Version 12.00
# Visual Studio Version 16
VisualStudioVersion = 16.0.32901.82
MinimumVisualStudioVersion = 10.0.40219.1
Project("{FAE04EC0-301F-11D3-BF4B-00C04F79EFBC}") = "Library Management System", "Library Management System\Library Management System.csproj", "{ECE907ED-2B48-4815-997F-3A681F395A0E}"
EndProject
Global
	GlobalSection(SolutionConfigurationPlatforms) = preSolution
		Debug|Any CPU = Debug|Any CPU
		Release|Any CPU = Release|Any CPU
	EndGlobalSection
	GlobalSection(ProjectConfigurationPlatforms) = postSolution
		{ECE907ED-2B48-4815-997F-3A681F395A0E}.Debug|Any CPU.ActiveCfg = Debug|Any CPU
		{ECE907ED-2B48-4815-997F-3A681F395A0E}.Debug|Any CPU.Build.0 = Debug|Any CPU
		{ECE907ED-2B48-4815-997F-3A681F395A0E}.Release|Any CPU.ActiveCfg = Release|Any CPU
		{ECE907ED-2B48-4815-997F-3A681F395A0E}.Release|Any CPU.Build.0 = Release|Any CPU
	EndGlobalSection
	GlobalSection(SolutionProperties) = preSolution
		HideSolutionNode = FALSE
	EndGlobalSection
	GlobalSection(ExtensibilityGlobals) = postSolution
		SolutionGuid = {A9737D0D-44B0-41A0-84F4-F4D97C8FC752}
	EndGlobalSection
EndGlobal
